
Microsoft Visual Studio Solution File, Format Version 12.00
# Visual Studio Version 17
VisualStudioVersion = 17.2.32616.157
MinimumVisualStudioVersion = 10.0.40219.1
Project("{9A19103F-16F7-4668-BE54-9A1E7A4F7556}") = "BlazorServer", "BlazorServer\BlazorServer.csproj", "{4B272605-4A9A-4615-97DE-E10CFFCA540F}"
EndProject
Project("{FAE04EC0-301F-11D3-BF4B-00C04F79EFBC}") = "SignalRClient", "SignalRClient\SignalRClient.csproj", "{C9FDC617-C779-4EA8-8083-5B71DD700EE6}"
EndProject
Global
	GlobalSection(SolutionConfigurationPlatforms) = preSolution
		Debug|Any CPU = Debug|Any CPU
		Release|Any CPU = Release|Any CPU
	EndGlobalSection
	GlobalSection(ProjectConfigurationPlatforms) = postSolution
		{4B272605-4A9A-4615-97DE-E10CFFCA540F}.Debug|Any CPU.ActiveCfg = Debug|Any CPU
		{4B272605-4A9A-4615-97DE-E10CFFCA540F}.Debug|Any CPU.Build.0 = Debug|Any CPU
		{4B272605-4A9A-4615-97DE-E10CFFCA540F}.Release|Any CPU.ActiveCfg = Release|Any CPU
		{4B272605-4A9A-4615-97DE-E10CFFCA540F}.Release|Any CPU.Build.0 = Release|Any CPU
		{C9FDC617-C779-4EA8-8083-5B71DD700EE6}.Debug|Any CPU.ActiveCfg = Debug|Any CPU
		{C9FDC617-C779-4EA8-8083-5B71DD700EE6}.Debug|Any CPU.Build.0 = Debug|Any CPU
		{C9FDC617-C779-4EA8-8083-5B71DD700EE6}.Release|Any CPU.ActiveCfg = Release|Any CPU
		{C9FDC617-C779-4EA8-8083-5B71DD700EE6}.Release|Any CPU.Build.0 = Release|Any CPU
	EndGlobalSection
	GlobalSection(SolutionProperties) = preSolution
		HideSolutionNode = FALSE
	EndGlobalSection
	GlobalSection(ExtensibilityGlobals) = postSolution
		SolutionGuid = {4335BAD0-CB21-45A9-BB88-3CAB49554E2D}
	EndGlobalSection
EndGlobal
